<?xml version="1.0" encoding="utf-8"?>
<Project ToolsVersion="4.0" xmlns="http://schemas.microsoft.com/developer/msbuild/2003">
  <ItemGroup>
    <Filter Include="File di origine">
      <UniqueIdentifier>{4FC737F1-C7A5-4376-A066-2A32D752A2FF}</UniqueIdentifier>
      <Extensions>cpp;c;cc;cxx;def;odl;idl;hpj;bat;asm;asmx</Extensions>
    </Filter>
    <Filter Include="File di intestazione">
      <UniqueIdentifier>{93995380-89BD-4b04-88EB-625FBE52EBFB}</UniqueIdentifier>
      <Extensions>h;hh;hpp;hxx;hm;inl;inc;ipp;xsd</Extensions>
    </Filter>
    <Filter Include="File di risorse">
      <UniqueIdentifier>{67DA6AB6-F800-4c08-8B7A-83BB121AAD01}</UniqueIdentifier>
      <Extensions>rc;ico;cur;bmp;dlg;rc2;rct;bin;rgs;gif;jpg;jpeg;jpe;resx;tiff;tif;png;wav;mfcribbon-ms</Extensions>
    </Filter>
  </ItemGroup>
  <ItemGroup>
    <ClInclude Include="Form1.h">
      <Filter>File di intestazione</Filter>
    </ClInclude>
    <ClInclude Include="Form2.h">
      <Filter>File di intestazione</Filter>
    </ClInclude>
    <ClInclude Include="Form3.h">
      <Filter>File di intestazione</Filter>
    </ClInclude>
    <ClInclude Include="Form4.h">
      <Filter>File di intestazione</Filter>
    </ClInclude>
    <ClInclude Include="Form5.h">
      <Filter>File di intestazione</Filter>
    </ClInclude>
    <ClInclude Include="BlackScholes.h">
      <Filter>File di intestazione</Filter>
    </ClInclude>
  </ItemGroup>
  <ItemGroup>
    <ClCompile Include="Form1.cpp">
      <Filter>File di origine</Filter>
    </ClCompile>
    <ClCompile Include="BlackScholes.cpp">
      <Filter>File di origine</Filter>
    </ClCompile>
  </ItemGroup>
  <ItemGroup>
    <EmbeddedResource Include="Form1.resx">
      <Filter>File di risorse</Filter>
    </EmbeddedResource>
    <EmbeddedResource Include="Form2.resx">
      <Filter>File di risorse</Filter>
    </EmbeddedResource>
    <EmbeddedResource Include="Form3.resx">
      <Filter>File di risorse</Filter>
    </EmbeddedResource>
    <EmbeddedResource Include="Form4.resx">
      <Filter>File di risorse</Filter>
    </EmbeddedResource>
    <EmbeddedResource Include="Form5.resx">
      <Filter>File di risorse</Filter>
    </EmbeddedResource>
  </ItemGroup>
  <ItemGroup>
    <None Include="ClassDiagram1.cd" />
    <None Include="ClassDiagram11.cd" />
    <None Include="ClassDiagram12.cd" />
    <None Include="ClassDiagram13.cd" />
    <None Include="ClassDiagram14.cd" />
  </ItemGroup>
</Project>